
Microsoft Visual Studio Solution File, Format Version 12.00
# Visual Studio Version 17
VisualStudioVersion = 17.14.36221.1 d17.14
MinimumVisualStudioVersion = 10.0.40219.1
Project("{FAE04EC0-301F-11D3-BF4B-00C04F79EFBC}") = "Producer", "Producer\Producer.csproj", "{AD326837-6396-4213-8DF4-932B48E06F1D}"
EndProject
Project("{FAE04EC0-301F-11D3-BF4B-00C04F79EFBC}") = "Consumer", "Consumer\Consumer.csproj", "{FD5415D9-D5B7-4757-AC02-286A45D04312}"
EndProject
Global
	GlobalSection(SolutionConfigurationPlatforms) = preSolution
		Debug|Any CPU = Debug|Any CPU
		Release|Any CPU = Release|Any CPU
	EndGlobalSection
	GlobalSection(ProjectConfigurationPlatforms) = postSolution
		{AD326837-6396-4213-8DF4-932B48E06F1D}.Debug|Any CPU.ActiveCfg = Debug|Any CPU
		{AD326837-6396-4213-8DF4-932B48E06F1D}.Debug|Any CPU.Build.0 = Debug|Any CPU
		{AD326837-6396-4213-8DF4-932B48E06F1D}.Release|Any CPU.ActiveCfg = Release|Any CPU
		{AD326837-6396-4213-8DF4-932B48E06F1D}.Release|Any CPU.Build.0 = Release|Any CPU
		{FD5415D9-D5B7-4757-AC02-286A45D04312}.Debug|Any CPU.ActiveCfg = Debug|Any CPU
		{FD5415D9-D5B7-4757-AC02-286A45D04312}.Debug|Any CPU.Build.0 = Debug|Any CPU
		{FD5415D9-D5B7-4757-AC02-286A45D04312}.Release|Any CPU.ActiveCfg = Release|Any CPU
		{FD5415D9-D5B7-4757-AC02-286A45D04312}.Release|Any CPU.Build.0 = Release|Any CPU
	EndGlobalSection
	GlobalSection(SolutionProperties) = preSolution
		HideSolutionNode = FALSE
	EndGlobalSection
	GlobalSection(ExtensibilityGlobals) = postSolution
		SolutionGuid = {00834921-7124-4DEB-84C9-88D2CDC66936}
	EndGlobalSection
EndGlobal
